// !$*UTF8*$!
{
	archiveVersion = 1;
	classes = {
	};
	objectVersion = 50;
	objects = {

/* Begin PBXBuildFile section */
		62BBA46121EED0B800E8CF5D /* AppDelegate.swift in Sources */ = {isa = PBXBuildFile; fileRef = 62BBA46021EED0B800E8CF5D /* AppDelegate.swift */; };
		62BBA46321EED0B800E8CF5D /* ChecklistViewController.swift in Sources */ = {isa = PBXBuildFile; fileRef = 62BBA46221EED0B800E8CF5D /* ChecklistViewController.swift */; };
		62BBA46621EED0B800E8CF5D /* Main.storyboard in Resources */ = {isa = PBXBuildFile; fileRef = 62BBA46421EED0B800E8CF5D /* Main.storyboard */; };
		62BBA46821EED0BC00E8CF5D /* Assets.xcassets in Resources */ = {isa = PBXBuildFile; fileRef = 62BBA46721EED0BC00E8CF5D /* Assets.xcassets */; };
		62BBA46B21EED0BC00E8CF5D /* LaunchScreen.storyboard in Resources */ = {isa = PBXBuildFile; fileRef = 62BBA46921EED0BC00E8CF5D /* LaunchScreen.storyboard */; };
		62BBA47321F0553E00E8CF5D /* CheckListItem.swift in Sources */ = {isa = PBXBuildFile; fileRef = 62BBA47221F0553E00E8CF5D /* CheckListItem.swift */; };
		62BBA47521F124EB00E8CF5D /* TodoList.swift in Sources */ = {isa = PBXBuildFile; fileRef = 62BBA47421F124EB00E8CF5D /* TodoList.swift */; };
		62BBA47721F2D95800E8CF5D /* ItemDetailViewController.swift in Sources */ = {isa = PBXBuildFile; fileRef = 62BBA47621F2D95800E8CF5D /* ItemDetailViewController.swift */; };
		62DC1A8C21FC49F700DB7589 /* ChecklistTableViewCell.swift in Sources */ = {isa = PBXBuildFile; fileRef = 62DC1A8B21FC49F700DB7589 /* ChecklistTableViewCell.swift */; };
/* End PBXBuildFile section */

/* Begin PBXFileReference section */
		62BBA45D21EED0B800E8CF5D /* CheckList.app */ = {isa = PBXFileReference; explicitFileType = wrapper.application; includeInIndex = 0; path = CheckList.app; sourceTree = BUILT_PRODUCTS_DIR; };
		62BBA46021EED0B800E8CF5D /* AppDelegate.swift */ = {isa = PBXFileReference; lastKnownFileType = sourcecode.swift; path = AppDelegate.swift; sourceTree = "<group>"; };
		62BBA46221EED0B800E8CF5D /* ChecklistViewController.swift */ = {isa = PBXFileReference; lastKnownFileType = sourcecode.swift; path = ChecklistViewController.swift; sourceTree = "<group>"; };
		62BBA46521EED0B800E8CF5D /* Base */ = {isa = PBXFileReference; lastKnownFileType = file.storyboard; name = Base; path = Base.lproj/Main.storyboard; sourceTree = "<group>"; };
		62BBA46721EED0BC00E8CF5D /* Assets.xcassets */ = {isa = PBXFileReference; lastKnownFileType = folder.assetcatalog; path = Assets.xcassets; sourceTree = "<group>"; };
		62BBA46A21EED0BC00E8CF5D /* Base */ = {isa = PBXFileReference; lastKnownFileType = file.storyboard; name = Base; path = Base.lproj/LaunchScreen.storyboard; sourceTree = "<group>"; };
		62BBA46C21EED0BC00E8CF5D /* Info.plist */ = {isa = PBXFileReference; lastKnownFileType = text.plist.xml; path = Info.plist; sourceTree = "<group>"; };
		62BBA47221F0553E00E8CF5D /* CheckListItem.swift */ = {isa = PBXFileReference; lastKnownFileType = sourcecode.swift; path = CheckListItem.swift; sourceTree = "<group>"; };
		62BBA47421F124EB00E8CF5D /* TodoList.swift */ = {isa = PBXFileReference; lastKnownFileType = sourcecode.swift; path = TodoList.swift; sourceTree = "<group>"; };
		62BBA47621F2D95800E8CF5D /* ItemDetailViewController.swift */ = {isa = PBXFileReference; lastKnownFileType = sourcecode.swift; path = ItemDetailViewController.swift; sourceTree = "<group>"; };
		62DC1A8B21FC49F700DB7589 /* ChecklistTableViewCell.swift */ = {isa = PBXFileReference; lastKnownFileType = sourcecode.swift; path = ChecklistTableViewCell.swift; sourceTree = "<group>"; };
/* End PBXFileReference section */

/* Begin PBXFrameworksBuildPhase section */
		62BBA45A21EED0B800E8CF5D /* Frameworks */ = {
			isa = PBXFrameworksBuildPhase;
			buildActionMask = 2147483647;
			files = (
			);
			runOnlyForDeploymentPostprocessing = 0;
		};
/* End PBXFrameworksBuildPhase section */

/* Begin PBXGroup section */
		62BBA45421EED0B800E8CF5D = {
			isa = PBXGroup;
			children = (
				62BBA45F21EED0B800E8CF5D /* CheckList */,
				62BBA45E21EED0B800E8CF5D /* Products */,
			);
			sourceTree = "<group>";
		};
		62BBA45E21EED0B800E8CF5D /* Products */ = {
			isa = PBXGroup;
			children = (
				62BBA45D21EED0B800E8CF5D /* CheckList.app */,
			);
			name = Products;
			sourceTree = "<group>";
		};
		62BBA45F21EED0B800E8CF5D /* CheckList */ = {
			isa = PBXGroup;
			children = (
				62DC1A8B21FC49F700DB7589 /* ChecklistTableViewCell.swift */,
				62BBA46021EED0B800E8CF5D /* AppDelegate.swift */,
				62BBA46221EED0B800E8CF5D /* ChecklistViewController.swift */,
				62BBA46421EED0B800E8CF5D /* Main.storyboard */,
				62BBA46721EED0BC00E8CF5D /* Assets.xcassets */,
				62BBA46921EED0BC00E8CF5D /* LaunchScreen.storyboard */,
				62BBA46C21EED0BC00E8CF5D /* Info.plist */,
				62BBA47221F0553E00E8CF5D /* CheckListItem.swift */,
				62BBA47421F124EB00E8CF5D /* TodoList.swift */,
				62BBA47621F2D95800E8CF5D /* ItemDetailViewController.swift */,
			);
			path = CheckList;
			sourceTree = "<group>";
		};
/* End PBXGroup section */

/* Begin PBXNativeTarget section */
		62BBA45C21EED0B800E8CF5D /* CheckList */ = {
			isa = PBXNativeTarget;
			buildConfigurationList = 62BBA46F21EED0BC00E8CF5D /* Build configuration list for PBXNativeTarget "CheckList" */;
			buildPhases = (
				62BBA45921EED0B800E8CF5D /* Sources */,
				62BBA45A21EED0B800E8CF5D /* Frameworks */,
				62BBA45B21EED0B800E8CF5D /* Resources */,
			);
			buildRules = (
			);
			dependencies = (
			);
			name = CheckList;
			productName = CheckList;
			productReference = 62BBA45D21EED0B800E8CF5D /* CheckList.app */;
			productType = "com.apple.product-type.application";
		};
/* End PBXNativeTarget section */

/* Begin PBXProject section */
		62BBA45521EED0B800E8CF5D /* Project object */ = {
			isa = PBXProject;
			attributes = {
				LastSwiftUpdateCheck = 1010;
				LastUpgradeCheck = 1010;
				ORGANIZATIONNAME = "Peter Phanouvong";
				TargetAttributes = {
					62BBA45C21EED0B800E8CF5D = {
						CreatedOnToolsVersion = 10.1;
					};
				};
			};
			buildConfigurationList = 62BBA45821EED0B800E8CF5D /* Build configuration list for PBXProject "CheckList" */;
			compatibilityVersion = "Xcode 9.3";
			developmentRegion = en;
			hasScannedForEncodings = 0;
			knownRegions = (
				en,
				Base,
			);
			mainGroup = 62BBA45421EED0B800E8CF5D;
			productRefGroup = 62BBA45E21EED0B800E8CF5D /* Products */;
			projectDirPath = "";
			projectRoot = "";
			targets = (
				62BBA45C21EED0B800E8CF5D /* CheckList */,
			);
		};
/* End PBXProject section */

/* Begin PBXResourcesBuildPhase section */
		62BBA45B21EED0B800E8CF5D /* Resources */ = {
			isa = PBXResourcesBuildPhase;
			buildActionMask = 2147483647;
			files = (
				62BBA46B21EED0BC00E8CF5D /* LaunchScreen.storyboard in Resources */,
				62BBA46821EED0BC00E8CF5D /* Assets.xcassets in Resources */,
				62BBA46621EED0B800E8CF5D /* Main.storyboard in Resources */,
			);
			runOnlyForDeploymentPostprocessing = 0;
		};
/* End PBXResourcesBuildPhase section */

/* Begin PBXSourcesBuildPhase section */
		62BBA45921EED0B800E8CF5D /* Sources */ = {
			isa = PBXSourcesBuildPhase;
			buildActionMask = 2147483647;
			files = (
				62BBA47321F0553E00E8CF5D /* CheckListItem.swift in Sources */,
				62BBA47721F2D95800E8CF5D /* ItemDetailViewController.swift in Sources */,
				62BBA46321EED0B800E8CF5D /* ChecklistViewController.swift in Sources */,
				62BBA46121EED0B800E8CF5D /* AppDelegate.swift in Sources */,
				62DC1A8C21FC49F700DB7589 /* ChecklistTableViewCell.swift in Sources */,
				62BBA47521F124EB00E8CF5D /* TodoList.swift in Sources */,
			);
			runOnlyForDeploymentPostprocessing = 0;
		};
/* End PBXSourcesBuildPhase section */

/* Begin PBXVariantGroup section */
		62BBA46421EED0B800E8CF5D /* Main.storyboard */ = {
			isa = PBXVariantGroup;
			children = (
				62BBA46521EED0B800E8CF5D /* Base */,
			);
			name = Main.storyboard;
			sourceTree = "<group>";
		};
		62BBA46921EED0BC00E8CF5D /* LaunchScreen.storyboard */ = {
			isa = PBXVariantGroup;
			children = (
				62BBA46A21EED0BC00E8CF5D /* Base */,
			);
			name = LaunchScreen.storyboard;
			sourceTree = "<group>";
		};
/* End PBXVariantGroup section */

/* Begin XCBuildConfiguration section */
		62BBA46D21EED0BC00E8CF5D /* Debug */ = {
			isa = XCBuildConfiguration;
			buildSettings = {
				ALWAYS_SEARCH_USER_PATHS = NO;
				CLANG_ANALYZER_NONNULL = YES;
				CLANG_ANALYZER_NUMBER_OBJECT_CONVERSION = YES_AGGRESSIVE;
				CLANG_CXX_LANGUAGE_STANDARD = "gnu++14";
				CLANG_CXX_LIBRARY = "libc++";
				CLANG_ENABLE_MODULES = YES;
				CLANG_ENABLE_OBJC_ARC = YES;
				CLANG_ENABLE_OBJC_WEAK = YES;
				CLANG_WARN_BLOCK_CAPTURE_AUTORELEASING = YES;
				CLANG_WARN_BOOL_CONVERSION = YES;
				CLANG_WARN_COMMA = YES;
				CLANG_WARN_CONSTANT_CONVERSION = YES;
				CLANG_WARN_DEPRECATED_OBJC_IMPLEMENTATIONS = YES;
				CLANG_WARN_DIRECT_OBJC_ISA_USAGE = YES_ERROR;
				CLANG_WARN_DOCUMENTATION_COMMENTS = YES;
				CLANG_WARN_EMPTY_BODY = YES;
				CLANG_WARN_ENUM_CONVERSION = YES;
				CLANG_WARN_INFINITE_RECURSION = YES;
				CLANG_WARN_INT_CONVERSION = YES;
				CLANG_WARN_NON_LITERAL_NULL_CONVERSION = YES;
				CLANG_WARN_OBJC_IMPLICIT_RETAIN_SELF = YES;
				CLANG_WARN_OBJC_LITERAL_CONVERSION = YES;
				CLANG_WARN_OBJC_ROOT_CLASS = YES_ERROR;
				CLANG_WARN_RANGE_LOOP_ANALYSIS = YES;
				CLANG_WARN_STRICT_PROTOTYPES = YES;
				CLANG_WARN_SUSPICIOUS_MOVE = YES;
				CLANG_WARN_UNGUARDED_AVAILABILITY = YES_AGGRESSIVE;
				CLANG_WARN_UNREACHABLE_CODE = YES;
				CLANG_WARN__DUPLICATE_METHOD_MATCH = YES;
				CODE_SIGN_IDENTITY = "iPhone Developer";
				COPY_PHASE_STRIP = NO;
				DEBUG_INFORMATION_FORMAT = dwarf;
				ENABLE_STRICT_OBJC_MSGSEND = YES;
				ENABLE_TESTABILITY = YES;
				GCC_C_LANGUAGE_STANDARD = gnu11;
				GCC_DYNAMIC_NO_PIC = NO;
				GCC_NO_COMMON_BLOCKS = YES;
				GCC_OPTIMIZATION_LEVEL = 0;
				GCC_PREPROCESSOR_DEFINITIONS = (
					"DEBUG=1",
					"$(inherited)",
				);
				GCC_WARN_64_TO_32_BIT_CONVERSION = YES;
				GCC_WARN_ABOUT_RETURN_TYPE = YES_ERROR;
				GCC_WARN_UNDECLARED_SELECTOR = YES;
				GCC_WARN_UNINITIALIZED_AUTOS = YES_AGGRESSIVE;
				GCC_WARN_UNUSED_FUNCTION = YES;
				GCC_WARN_UNUSED_VARIABLE = YES;
				IPHONEOS_DEPLOYMENT_TARGET = 12.1;
				MTL_ENABLE_DEBUG_INFO = INCLUDE_SOURCE;
				MTL_FAST_MATH = YES;
				ONLY_ACTIVE_ARCH = YES;
				SDKROOT = iphoneos;
				SWIFT_ACTIVE_COMPILATION_CONDITIONS = DEBUG;
				SWIFT_OPTIMIZATION_LEVEL = "-Onone";
			};
			name = Debug;
		};
		62BBA46E21EED0BC00E8CF5D /* Release */ = {
			isa = XCBuildConfiguration;
			buildSettings = {
				ALWAYS_SEARCH_USER_PATHS = NO;
				CLANG_ANALYZER_NONNULL = YES;
				CLANG_ANALYZER_NUMBER_OBJECT_CONVERSION = YES_AGGRESSIVE;
				CLANG_CXX_LANGUAGE_STANDARD = "gnu++14";
				CLANG_CXX_LIBRARY = "libc++";
				CLANG_ENABLE_MODULES = YES;
				CLANG_ENABLE_OBJC_ARC = YES;
				CLANG_ENABLE_OBJC_WEAK = YES;
				CLANG_WARN_BLOCK_CAPTURE_AUTORELEASING = YES;
				CLANG_WARN_BOOL_CONVERSION = YES;
				CLANG_WARN_COMMA = YES;
				CLANG_WARN_CONSTANT_CONVERSION = YES;
				CLANG_WARN_DEPRECATED_OBJC_IMPLEMENTATIONS = YES;
				CLANG_WARN_DIRECT_OBJC_ISA_USAGE = YES_ERROR;
				CLANG_WARN_DOCUMENTATION_COMMENTS = YES;
				CLANG_WARN_EMPTY_BODY = YES;
				CLANG_WARN_ENUM_CONVERSION = YES;
				CLANG_WARN_INFINITE_RECURSION = YES;
				CLANG_WARN_INT_CONVERSION = YES;
				CLANG_WARN_NON_LITERAL_NULL_CONVERSION = YES;
				CLANG_WARN_OBJC_IMPLICIT_RETAIN_SELF = YES;
				CLANG_WARN_OBJC_LITERAL_CONVERSION = YES;
				CLANG_WARN_OBJC_ROOT_CLASS = YES_ERROR;
				CLANG_WARN_RANGE_LOOP_ANALYSIS = YES;
				CLANG_WARN_STRICT_PROTOTYPES = YES;
				CLANG_WARN_SUSPICIOUS_MOVE = YES;
				CLANG_WARN_UNGUARDED_AVAILABILITY = YES_AGGRESSIVE;
				CLANG_WARN_UNREACHABLE_CODE = YES;
				CLANG_WARN__DUPLICATE_METHOD_MATCH = YES;
				CODE_SIGN_IDENTITY = "iPhone Developer";
				COPY_PHASE_STRIP = NO;
				DEBUG_INFORMATION_FORMAT = "dwarf-with-dsym";
				ENABLE_NS_ASSERTIONS = NO;
				ENABLE_STRICT_OBJC_MSGSEND = YES;
				GCC_C_LANGUAGE_STANDARD = gnu11;
				GCC_NO_COMMON_BLOCKS = YES;
				GCC_WARN_64_TO_32_BIT_CONVERSION = YES;
				GCC_WARN_ABOUT_RETURN_TYPE = YES_ERROR;
				GCC_WARN_UNDECLARED_SELECTOR = YES;
				GCC_WARN_UNINITIALIZED_AUTOS = YES_AGGRESSIVE;
				GCC_WARN_UNUSED_FUNCTION = YES;
				GCC_WARN_UNUSED_VARIABLE = YES;
				IPHONEOS_DEPLOYMENT_TARGET = 12.1;
				MTL_ENABLE_DEBUG_INFO = NO;
				MTL_FAST_MATH = YES;
				SDKROOT = iphoneos;
				SWIFT_COMPILATION_MODE = wholemodule;
				SWIFT_OPTIMIZATION_LEVEL = "-O";
				VALIDATE_PRODUCT = YES;
			};
			name = Release;
		};
		62BBA47021EED0BC00E8CF5D /* Debug */ = {
			isa = XCBuildConfiguration;
			buildSettings = {
				ASSETCATALOG_COMPILER_APPICON_NAME = AppIcon;
				CODE_SIGN_STYLE = Automatic;
				DEVELOPMENT_TEAM = WX6X9AU2WP;
				INFOPLIST_FILE = CheckList/Info.plist;
				LD_RUNPATH_SEARCH_PATHS = (
					"$(inherited)",
					"@executable_path/Frameworks",
				);
				PRODUCT_BUNDLE_IDENTIFIER = com.phanouvong.CheckList;
				PRODUCT_NAME = "$(TARGET_NAME)";
				SWIFT_VERSION = 4.2;
				TARGETED_DEVICE_FAMILY = "1,2";
			};
			name = Debug;
		};
		62BBA47121EED0BC00E8CF5D /* Release */ = {
			isa = XCBuildConfiguration;
			buildSettings = {
				ASSETCATALOG_COMPILER_APPICON_NAME = AppIcon;
				CODE_SIGN_STYLE = Automatic;
				DEVELOPMENT_TEAM = WX6X9AU2WP;
				INFOPLIST_FILE = CheckList/Info.plist;
				LD_RUNPATH_SEARCH_PATHS = (
					"$(inherited)",
					"@executable_path/Frameworks",
				);
				PRODUCT_BUNDLE_IDENTIFIER = com.phanouvong.CheckList;
				PRODUCT_NAME = "$(TARGET_NAME)";
				SWIFT_VERSION = 4.2;
				TARGETED_DEVICE_FAMILY = "1,2";
			};
			name = Release;
		};
/* End XCBuildConfiguration section */

/* Begin XCConfigurationList section */
		62BBA45821EED0B800E8CF5D /* Build configuration list for PBXProject "CheckList" */ = {
			isa = XCConfigurationList;
			buildConfigurations = (
				62BBA46D21EED0BC00E8CF5D /* Debug */,
				62BBA46E21EED0BC00E8CF5D /* Release */,
			);
			defaultConfigurationIsVisible = 0;
			defaultConfigurationName = Release;
		};
		62BBA46F21EED0BC00E8CF5D /* Build configuration list for PBXNativeTarget "CheckList" */ = {
			isa = XCConfigurationList;
			buildConfigurations = (
				62BBA47021EED0BC00E8CF5D /* Debug */,
				62BBA47121EED0BC00E8CF5D /* Release */,
			);
			defaultConfigurationIsVisible = 0;
			defaultConfigurationName = Release;
		};
/* End XCConfigurationList section */
	};
	rootObject = 62BBA45521EED0B800E8CF5D /* Project object */;
}
